// !$*UTF8*$!
{
	archiveVersion = 1;
	classes = {
	};
	objectVersion = 77;
	objects = {

/* Begin PBXBuildFile section */
		0564C983C15A5299DB930E97 /* manifest.json in Resources */ = {isa = PBXBuildFile; fileRef = 79ED64A37D5930D4EB647C26 /* manifest.json */; };
		0C467FB012237E42E0C85D6E /* AddIngredientView.swift in Sources */ = {isa = PBXBuildFile; fileRef = 5F38AA75896B8A39D2016A7B /* AddIngredientView.swift */; };
		0E45F9E74889980657C4C635 /* FlavorProfileIndicatorView.swift in Sources */ = {isa = PBXBuildFile; fileRef = E40541440027B25657E6D218 /* FlavorProfileIndicatorView.swift */; };
		1787323C2E036E7F1BF5E69A /* taxonomy.json in Resources */ = {isa = PBXBuildFile; fileRef = 5799D9FDE8CD9BA98424AB81 /* taxonomy.json */; };
		189A5FFCF30CD1DE629AC740 /* RecipeCardView.swift in Sources */ = {isa = PBXBuildFile; fileRef = C7D36E297D6879F46A4BAAB4 /* RecipeCardView.swift */; };
		1F61758E55F372CF31DB782D /* MatchBadgeView.swift in Sources */ = {isa = PBXBuildFile; fileRef = 65E7FB6DFEDFA01C43B90C45 /* MatchBadgeView.swift */; };
		2054B1A2638A953550A5B15E /* NorseMixologyCore in Frameworks */ = {isa = PBXBuildFile; productRef = 76DB75D275C8F897141A9B75 /* NorseMixologyCore */; };
		27AEEB76099E720C8F187309 /* ThisOrThatCard.swift in Sources */ = {isa = PBXBuildFile; fileRef = 240BA3C4F5721C0439FA1FF2 /* ThisOrThatCard.swift */; };
		2FD7E96A4C5E11F5D2797055 /* CabinetViewModel.swift in Sources */ = {isa = PBXBuildFile; fileRef = 3220C27E0E6E6FC75816A15E /* CabinetViewModel.swift */; };
		303EE8CF7021F1D862698604 /* FavouritesView.swift in Sources */ = {isa = PBXBuildFile; fileRef = 9DEF8DBACE716CAD2809A3D2 /* FavouritesView.swift */; };
		3BE1756335CB3C5CB896BD6C /* IngredientRow.swift in Sources */ = {isa = PBXBuildFile; fileRef = B2EE292D0306D2037CBD407B /* IngredientRow.swift */; };
		3FD609A620F528A8235BB7F6 /* NorseMixologyApp.swift in Sources */ = {isa = PBXBuildFile; fileRef = D40BFB481FBF6BE13016628E /* NorseMixologyApp.swift */; };
		50606B2D570B3677D4FAAD32 /* recipes.json in Resources */ = {isa = PBXBuildFile; fileRef = D24F6F076A0150460DDA4B19 /* recipes.json */; };
		50B592CA6EC88336DF0DE6C6 /* TasteOnboardingView.swift in Sources */ = {isa = PBXBuildFile; fileRef = C46E01D0DEEF970B9F9D4D99 /* TasteOnboardingView.swift */; };
		68942B801ECE0BAAF6B982ED /* RecipeBrowserViewModel.swift in Sources */ = {isa = PBXBuildFile; fileRef = 509B4A40E66B86CFA6F37205 /* RecipeBrowserViewModel.swift */; };
		8010047C72E957C914CD46A4 /* RecipeResultsList.swift in Sources */ = {isa = PBXBuildFile; fileRef = A6323A9628A9113D0FC2473C /* RecipeResultsList.swift */; };
		A2EF2F62113F2EC826DA6F04 /* AddIngredientConfirmationView.swift in Sources */ = {isa = PBXBuildFile; fileRef = 02101A11D23B974EE6190E0C /* AddIngredientConfirmationView.swift */; };
		A4C35A2A1344DBA6B56AB2D6 /* IngredientRowView.swift in Sources */ = {isa = PBXBuildFile; fileRef = F1D5523321FAE89E256CC5E9 /* IngredientRowView.swift */; };
		A81E133F30E34E5D703D1EC6 /* CatalogLaunch.swift in Sources */ = {isa = PBXBuildFile; fileRef = 629E19A8EDDEE649A647565D /* CatalogLaunch.swift */; };
		AE26490B2BCE00C2191A0C8A /* TasteQuizQuestion.swift in Sources */ = {isa = PBXBuildFile; fileRef = C23AC23B4519D188D6BAE00C /* TasteQuizQuestion.swift */; };
		AFB0DFBFB9270A1E9E69ECDC /* BrowseTaxonomyView.swift in Sources */ = {isa = PBXBuildFile; fileRef = 871FC8AF4B99B832AF1E9EB8 /* BrowseTaxonomyView.swift */; };
		B2C6DEBC4B058D4B1EB27126 /* Localizable.xcstrings in Resources */ = {isa = PBXBuildFile; fileRef = 92778BA510F5F5EDE1FD96B8 /* Localizable.xcstrings */; };
		B2C87521E5AFC04B2BD0CF30 /* RecipeBrowserView.swift in Sources */ = {isa = PBXBuildFile; fileRef = 540B0530F9C757852122D3D7 /* RecipeBrowserView.swift */; };
		C5940F6141D2AE1B297EAA12 /* RecipeDetailView.swift in Sources */ = {isa = PBXBuildFile; fileRef = AD92DFCDB0DBB7D772E13274 /* RecipeDetailView.swift */; };
		C9785288354CA25531D0A048 /* DesignTokens.swift in Sources */ = {isa = PBXBuildFile; fileRef = A8690FC3511DF012245BEE1C /* DesignTokens.swift */; };
		D11A4FF34C8FC0A1C08FB469 /* AddIngredientViewModel.swift in Sources */ = {isa = PBXBuildFile; fileRef = EAB9F51908C3BBE04BA95C93 /* AddIngredientViewModel.swift */; };
		D1C3E3B4DDE8BB0444E0FFE3 /* ContentView.swift in Sources */ = {isa = PBXBuildFile; fileRef = 225F46BBEE893F2C52A5E369 /* ContentView.swift */; };
		EF5D29F89FF88A90B85ADE9F /* SettingsView.swift in Sources */ = {isa = PBXBuildFile; fileRef = 473AAF5A5DE39416F1FE4E0A /* SettingsView.swift */; };
		F650EC28DB369D60879B9AA0 /* Assets.xcassets in Resources */ = {isa = PBXBuildFile; fileRef = 75D19359C364DC1F5C2E3C12 /* Assets.xcassets */; };
		FD4147044D603BE2759792DD /* CabinetView.swift in Sources */ = {isa = PBXBuildFile; fileRef = B41F87FEDD57946CE12B9756 /* CabinetView.swift */; };
/* End PBXBuildFile section */

/* Begin PBXFileReference section */
		02101A11D23B974EE6190E0C /* AddIngredientConfirmationView.swift */ = {isa = PBXFileReference; lastKnownFileType = sourcecode.swift; path = AddIngredientConfirmationView.swift; sourceTree = "<group>"; };
		225F46BBEE893F2C52A5E369 /* ContentView.swift */ = {isa = PBXFileReference; lastKnownFileType = sourcecode.swift; path = ContentView.swift; sourceTree = "<group>"; };
		240BA3C4F5721C0439FA1FF2 /* ThisOrThatCard.swift */ = {isa = PBXFileReference; lastKnownFileType = sourcecode.swift; path = ThisOrThatCard.swift; sourceTree = "<group>"; };
		3220C27E0E6E6FC75816A15E /* CabinetViewModel.swift */ = {isa = PBXFileReference; lastKnownFileType = sourcecode.swift; path = CabinetViewModel.swift; sourceTree = "<group>"; };
		473AAF5A5DE39416F1FE4E0A /* SettingsView.swift */ = {isa = PBXFileReference; lastKnownFileType = sourcecode.swift; path = SettingsView.swift; sourceTree = "<group>"; };
		509B4A40E66B86CFA6F37205 /* RecipeBrowserViewModel.swift */ = {isa = PBXFileReference; lastKnownFileType = sourcecode.swift; path = RecipeBrowserViewModel.swift; sourceTree = "<group>"; };
		540B0530F9C757852122D3D7 /* RecipeBrowserView.swift */ = {isa = PBXFileReference; lastKnownFileType = sourcecode.swift; path = RecipeBrowserView.swift; sourceTree = "<group>"; };
		5799D9FDE8CD9BA98424AB81 /* taxonomy.json */ = {isa = PBXFileReference; lastKnownFileType = text.json; path = taxonomy.json; sourceTree = "<group>"; };
		5F38AA75896B8A39D2016A7B /* AddIngredientView.swift */ = {isa = PBXFileReference; lastKnownFileType = sourcecode.swift; path = AddIngredientView.swift; sourceTree = "<group>"; };
		629E19A8EDDEE649A647565D /* CatalogLaunch.swift */ = {isa = PBXFileReference; lastKnownFileType = sourcecode.swift; path = CatalogLaunch.swift; sourceTree = "<group>"; };
		65E7FB6DFEDFA01C43B90C45 /* MatchBadgeView.swift */ = {isa = PBXFileReference; lastKnownFileType = sourcecode.swift; path = MatchBadgeView.swift; sourceTree = "<group>"; };
		75D19359C364DC1F5C2E3C12 /* Assets.xcassets */ = {isa = PBXFileReference; lastKnownFileType = folder.assetcatalog; path = Assets.xcassets; sourceTree = "<group>"; };
		79ED64A37D5930D4EB647C26 /* manifest.json */ = {isa = PBXFileReference; lastKnownFileType = text.json; path = manifest.json; sourceTree = "<group>"; };
		85F1E0184AF6937E1E75B592 /* NorseMixology.app */ = {isa = PBXFileReference; includeInIndex = 0; lastKnownFileType = wrapper.application; path = NorseMixology.app; sourceTree = BUILT_PRODUCTS_DIR; };
		871FC8AF4B99B832AF1E9EB8 /* BrowseTaxonomyView.swift */ = {isa = PBXFileReference; lastKnownFileType = sourcecode.swift; path = BrowseTaxonomyView.swift; sourceTree = "<group>"; };
		92778BA510F5F5EDE1FD96B8 /* Localizable.xcstrings */ = {isa = PBXFileReference; lastKnownFileType = text.json.xcstrings; path = Localizable.xcstrings; sourceTree = "<group>"; };
		9DEF8DBACE716CAD2809A3D2 /* FavouritesView.swift */ = {isa = PBXFileReference; lastKnownFileType = sourcecode.swift; path = FavouritesView.swift; sourceTree = "<group>"; };
		A6323A9628A9113D0FC2473C /* RecipeResultsList.swift */ = {isa = PBXFileReference; lastKnownFileType = sourcecode.swift; path = RecipeResultsList.swift; sourceTree = "<group>"; };
		A8690FC3511DF012245BEE1C /* DesignTokens.swift */ = {isa = PBXFileReference; lastKnownFileType = sourcecode.swift; path = DesignTokens.swift; sourceTree = "<group>"; };
		A9E01A2459193DDA4C2AB0CC /* NorseMixologyCore */ = {isa = PBXFileReference; lastKnownFileType = folder; name = NorseMixologyCore; path = Packages/NorseMixologyCore; sourceTree = SOURCE_ROOT; };
		AD92DFCDB0DBB7D772E13274 /* RecipeDetailView.swift */ = {isa = PBXFileReference; lastKnownFileType = sourcecode.swift; path = RecipeDetailView.swift; sourceTree = "<group>"; };
		B2EE292D0306D2037CBD407B /* IngredientRow.swift */ = {isa = PBXFileReference; lastKnownFileType = sourcecode.swift; path = IngredientRow.swift; sourceTree = "<group>"; };
		B41F87FEDD57946CE12B9756 /* CabinetView.swift */ = {isa = PBXFileReference; lastKnownFileType = sourcecode.swift; path = CabinetView.swift; sourceTree = "<group>"; };
		C23AC23B4519D188D6BAE00C /* TasteQuizQuestion.swift */ = {isa = PBXFileReference; lastKnownFileType = sourcecode.swift; path = TasteQuizQuestion.swift; sourceTree = "<group>"; };
		C46E01D0DEEF970B9F9D4D99 /* TasteOnboardingView.swift */ = {isa = PBXFileReference; lastKnownFileType = sourcecode.swift; path = TasteOnboardingView.swift; sourceTree = "<group>"; };
		C7D36E297D6879F46A4BAAB4 /* RecipeCardView.swift */ = {isa = PBXFileReference; lastKnownFileType = sourcecode.swift; path = RecipeCardView.swift; sourceTree = "<group>"; };
		D24F6F076A0150460DDA4B19 /* recipes.json */ = {isa = PBXFileReference; lastKnownFileType = text.json; path = recipes.json; sourceTree = "<group>"; };
		D40BFB481FBF6BE13016628E /* NorseMixologyApp.swift */ = {isa = PBXFileReference; lastKnownFileType = sourcecode.swift; path = NorseMixologyApp.swift; sourceTree = "<group>"; };
		E40541440027B25657E6D218 /* FlavorProfileIndicatorView.swift */ = {isa = PBXFileReference; lastKnownFileType = sourcecode.swift; path = FlavorProfileIndicatorView.swift; sourceTree = "<group>"; };
		EAB9F51908C3BBE04BA95C93 /* AddIngredientViewModel.swift */ = {isa = PBXFileReference; lastKnownFileType = sourcecode.swift; path = AddIngredientViewModel.swift; sourceTree = "<group>"; };
		F1D5523321FAE89E256CC5E9 /* IngredientRowView.swift */ = {isa = PBXFileReference; lastKnownFileType = sourcecode.swift; path = IngredientRowView.swift; sourceTree = "<group>"; };
/* End PBXFileReference section */

/* Begin PBXFrameworksBuildPhase section */
		3D71A55781CEF37767EA17C6 /* Frameworks */ = {
			isa = PBXFrameworksBuildPhase;
			buildActionMask = 2147483647;
			files = (
				2054B1A2638A953550A5B15E /* NorseMixologyCore in Frameworks */,
			);
			runOnlyForDeploymentPostprocessing = 0;
		};
/* End PBXFrameworksBuildPhase section */

/* Begin PBXGroup section */
		05708490B55BCFA6113906BE /* Onboarding */ = {
			isa = PBXGroup;
			children = (
				C46E01D0DEEF970B9F9D4D99 /* TasteOnboardingView.swift */,
				C23AC23B4519D188D6BAE00C /* TasteQuizQuestion.swift */,
				240BA3C4F5721C0439FA1FF2 /* ThisOrThatCard.swift */,
			);
			path = Onboarding;
			sourceTree = "<group>";
		};
		120D8F97F9284633BF65AC89 /* Catalog */ = {
			isa = PBXGroup;
			children = (
				629E19A8EDDEE649A647565D /* CatalogLaunch.swift */,
			);
			path = Catalog;
			sourceTree = "<group>";
		};
		17CC7444CC21AADF026E6AEB /* NorseMixology */ = {
			isa = PBXGroup;
			children = (
				75D19359C364DC1F5C2E3C12 /* Assets.xcassets */,
				225F46BBEE893F2C52A5E369 /* ContentView.swift */,
				92778BA510F5F5EDE1FD96B8 /* Localizable.xcstrings */,
				D40BFB481FBF6BE13016628E /* NorseMixologyApp.swift */,
				5028564AB6C466E898F7931B /* Cabinet */,
				120D8F97F9284633BF65AC89 /* Catalog */,
				891043505758285A55EBCDA7 /* Components */,
				EB0C049126F13EC575BDDFD2 /* Favourites */,
				05708490B55BCFA6113906BE /* Onboarding */,
				DBCD4C0934BF146A2B2CDCD5 /* Recipes */,
				668DC00DF2C4302D0DD4E2E8 /* Resources */,
				3DBACEA89C5F42223DE593D3 /* Settings */,
				9A54DD9B7DFB36F094294D8D /* Theme */,
			);
			path = NorseMixology;
			sourceTree = "<group>";
		};
		3234670B4FB88C195D75A5BB /* Packages */ = {
			isa = PBXGroup;
			children = (
				A9E01A2459193DDA4C2AB0CC /* NorseMixologyCore */,
			);
			path = Packages;
			sourceTree = "<group>";
		};
		3DBACEA89C5F42223DE593D3 /* Settings */ = {
			isa = PBXGroup;
			children = (
				473AAF5A5DE39416F1FE4E0A /* SettingsView.swift */,
			);
			path = Settings;
			sourceTree = "<group>";
		};
		5028564AB6C466E898F7931B /* Cabinet */ = {
			isa = PBXGroup;
			children = (
				02101A11D23B974EE6190E0C /* AddIngredientConfirmationView.swift */,
				5F38AA75896B8A39D2016A7B /* AddIngredientView.swift */,
				EAB9F51908C3BBE04BA95C93 /* AddIngredientViewModel.swift */,
				871FC8AF4B99B832AF1E9EB8 /* BrowseTaxonomyView.swift */,
				B41F87FEDD57946CE12B9756 /* CabinetView.swift */,
				3220C27E0E6E6FC75816A15E /* CabinetViewModel.swift */,
				B2EE292D0306D2037CBD407B /* IngredientRow.swift */,
			);
			path = Cabinet;
			sourceTree = "<group>";
		};
		668DC00DF2C4302D0DD4E2E8 /* Resources */ = {
			isa = PBXGroup;
			children = (
				79ED64A37D5930D4EB647C26 /* manifest.json */,
				D24F6F076A0150460DDA4B19 /* recipes.json */,
				5799D9FDE8CD9BA98424AB81 /* taxonomy.json */,
			);
			path = Resources;
			sourceTree = "<group>";
		};
		891043505758285A55EBCDA7 /* Components */ = {
			isa = PBXGroup;
			children = (
				E40541440027B25657E6D218 /* FlavorProfileIndicatorView.swift */,
			);
			path = Components;
			sourceTree = "<group>";
		};
		8CD21F405A943FDCC208F811 = {
			isa = PBXGroup;
			children = (
				17CC7444CC21AADF026E6AEB /* NorseMixology */,
				3234670B4FB88C195D75A5BB /* Packages */,
				C74AE61EA54D66AE12ADF81D /* Products */,
			);
			sourceTree = "<group>";
		};
		9A54DD9B7DFB36F094294D8D /* Theme */ = {
			isa = PBXGroup;
			children = (
				A8690FC3511DF012245BEE1C /* DesignTokens.swift */,
			);
			path = Theme;
			sourceTree = "<group>";
		};
		C74AE61EA54D66AE12ADF81D /* Products */ = {
			isa = PBXGroup;
			children = (
				85F1E0184AF6937E1E75B592 /* NorseMixology.app */,
			);
			name = Products;
			sourceTree = "<group>";
		};
		DBCD4C0934BF146A2B2CDCD5 /* Recipes */ = {
			isa = PBXGroup;
			children = (
				F1D5523321FAE89E256CC5E9 /* IngredientRowView.swift */,
				65E7FB6DFEDFA01C43B90C45 /* MatchBadgeView.swift */,
				540B0530F9C757852122D3D7 /* RecipeBrowserView.swift */,
				509B4A40E66B86CFA6F37205 /* RecipeBrowserViewModel.swift */,
				C7D36E297D6879F46A4BAAB4 /* RecipeCardView.swift */,
				AD92DFCDB0DBB7D772E13274 /* RecipeDetailView.swift */,
				A6323A9628A9113D0FC2473C /* RecipeResultsList.swift */,
			);
			path = Recipes;
			sourceTree = "<group>";
		};
		EB0C049126F13EC575BDDFD2 /* Favourites */ = {
			isa = PBXGroup;
			children = (
				9DEF8DBACE716CAD2809A3D2 /* FavouritesView.swift */,
			);
			path = Favourites;
			sourceTree = "<group>";
		};
/* End PBXGroup section */

/* Begin PBXNativeTarget section */
		CC965D3EC57BF6964D074DB4 /* NorseMixology */ = {
			isa = PBXNativeTarget;
			buildConfigurationList = 1B4AF8265D3DAF08CF0C80FA /* Build configuration list for PBXNativeTarget "NorseMixology" */;
			buildPhases = (
				4C202174431A567387E8AAD8 /* Sources */,
				411A91597A052CF9CC4D9E96 /* Resources */,
				3D71A55781CEF37767EA17C6 /* Frameworks */,
			);
			buildRules = (
			);
			dependencies = (
			);
			name = NorseMixology;
			packageProductDependencies = (
				76DB75D275C8F897141A9B75 /* NorseMixologyCore */,
			);
			productName = NorseMixology;
			productReference = 85F1E0184AF6937E1E75B592 /* NorseMixology.app */;
			productType = "com.apple.product-type.application";
		};
/* End PBXNativeTarget section */

/* Begin PBXProject section */
		0846088F4B7BFE36D1833292 /* Project object */ = {
			isa = PBXProject;
			attributes = {
				BuildIndependentTargetsInParallel = YES;
				LastUpgradeCheck = 1430;
				TargetAttributes = {
				};
			};
			buildConfigurationList = 97B6D7764F3A99C8F5378791 /* Build configuration list for PBXProject "NorseMixology" */;
			developmentRegion = en;
			hasScannedForEncodings = 0;
			knownRegions = (
				Base,
				en,
			);
			mainGroup = 8CD21F405A943FDCC208F811;
			minimizedProjectReferenceProxies = 1;
			packageReferences = (
				F1433995F130B8E5C07FA6E9 /* XCLocalSwiftPackageReference "Packages/NorseMixologyCore" */,
			);
			preferredProjectObjectVersion = 77;
			productRefGroup = C74AE61EA54D66AE12ADF81D /* Products */;
			projectDirPath = "";
			projectRoot = "";
			targets = (
				CC965D3EC57BF6964D074DB4 /* NorseMixology */,
			);
		};
/* End PBXProject section */

/* Begin PBXResourcesBuildPhase section */
		411A91597A052CF9CC4D9E96 /* Resources */ = {
			isa = PBXResourcesBuildPhase;
			buildActionMask = 2147483647;
			files = (
				F650EC28DB369D60879B9AA0 /* Assets.xcassets in Resources */,
				B2C6DEBC4B058D4B1EB27126 /* Localizable.xcstrings in Resources */,
				0564C983C15A5299DB930E97 /* manifest.json in Resources */,
				50606B2D570B3677D4FAAD32 /* recipes.json in Resources */,
				1787323C2E036E7F1BF5E69A /* taxonomy.json in Resources */,
			);
			runOnlyForDeploymentPostprocessing = 0;
		};
/* End PBXResourcesBuildPhase section */

/* Begin PBXSourcesBuildPhase section */
		4C202174431A567387E8AAD8 /* Sources */ = {
			isa = PBXSourcesBuildPhase;
			buildActionMask = 2147483647;
			files = (
				A2EF2F62113F2EC826DA6F04 /* AddIngredientConfirmationView.swift in Sources */,
				0C467FB012237E42E0C85D6E /* AddIngredientView.swift in Sources */,
				D11A4FF34C8FC0A1C08FB469 /* AddIngredientViewModel.swift in Sources */,
				AFB0DFBFB9270A1E9E69ECDC /* BrowseTaxonomyView.swift in Sources */,
				FD4147044D603BE2759792DD /* CabinetView.swift in Sources */,
				2FD7E96A4C5E11F5D2797055 /* CabinetViewModel.swift in Sources */,
				A81E133F30E34E5D703D1EC6 /* CatalogLaunch.swift in Sources */,
				D1C3E3B4DDE8BB0444E0FFE3 /* ContentView.swift in Sources */,
				C9785288354CA25531D0A048 /* DesignTokens.swift in Sources */,
				303EE8CF7021F1D862698604 /* FavouritesView.swift in Sources */,
				0E45F9E74889980657C4C635 /* FlavorProfileIndicatorView.swift in Sources */,
				3BE1756335CB3C5CB896BD6C /* IngredientRow.swift in Sources */,
				A4C35A2A1344DBA6B56AB2D6 /* IngredientRowView.swift in Sources */,
				1F61758E55F372CF31DB782D /* MatchBadgeView.swift in Sources */,
				3FD609A620F528A8235BB7F6 /* NorseMixologyApp.swift in Sources */,
				B2C87521E5AFC04B2BD0CF30 /* RecipeBrowserView.swift in Sources */,
				68942B801ECE0BAAF6B982ED /* RecipeBrowserViewModel.swift in Sources */,
				189A5FFCF30CD1DE629AC740 /* RecipeCardView.swift in Sources */,
				C5940F6141D2AE1B297EAA12 /* RecipeDetailView.swift in Sources */,
				8010047C72E957C914CD46A4 /* RecipeResultsList.swift in Sources */,
				EF5D29F89FF88A90B85ADE9F /* SettingsView.swift in Sources */,
				50B592CA6EC88336DF0DE6C6 /* TasteOnboardingView.swift in Sources */,
				AE26490B2BCE00C2191A0C8A /* TasteQuizQuestion.swift in Sources */,
				27AEEB76099E720C8F187309 /* ThisOrThatCard.swift in Sources */,
			);
			runOnlyForDeploymentPostprocessing = 0;
		};
/* End PBXSourcesBuildPhase section */

/* Begin XCBuildConfiguration section */
		22F409B80F92BE7C9C591BA8 /* Debug */ = {
			isa = XCBuildConfiguration;
			buildSettings = {
				ASSETCATALOG_COMPILER_APPICON_NAME = AppIcon;
				ASSETCATALOG_COMPILER_GLOBAL_ACCENT_COLOR_NAME = AccentColor;
				CODE_SIGN_IDENTITY = "iPhone Developer";
				CURRENT_PROJECT_VERSION = 1;
				GENERATE_INFOPLIST_FILE = YES;
				INFOPLIST_KEY_CFBundleDisplayName = "Norse Mixology";
				INFOPLIST_KEY_UIApplicationSceneManifest_Generation = YES;
				INFOPLIST_KEY_UILaunchScreen_Generation = YES;
				INFOPLIST_KEY_UISupportedInterfaceOrientations = "UIInterfaceOrientationPortrait UIInterfaceOrientationLandscapeLeft UIInterfaceOrientationLandscapeRight";
				"INFOPLIST_KEY_UISupportedInterfaceOrientations~ipad" = "UIInterfaceOrientationPortrait UIInterfaceOrientationPortraitUpsideDown UIInterfaceOrientationLandscapeLeft UIInterfaceOrientationLandscapeRight";
				IPHONEOS_DEPLOYMENT_TARGET = 17.0;
				LD_RUNPATH_SEARCH_PATHS = (
					"$(inherited)",
					"@executable_path/Frameworks",
				);
				LOCALIZATION_PREFERS_STRING_CATALOGS = YES;
				MARKETING_VERSION = 1.0;
				PRODUCT_BUNDLE_IDENTIFIER = dev.martinloeseth.NorseMixology;
				SDKROOT = iphoneos;
				SUPPORTED_PLATFORMS = "iphoneos iphonesimulator";
				SUPPORTS_MACCATALYST = NO;
				SUPPORTS_MAC_DESIGNED_FOR_IPHONE_IPAD = YES;
				SUPPORTS_XR_DESIGNED_FOR_IPHONE_IPAD = YES;
				SWIFT_EMIT_LOC_STRINGS = YES;
				SWIFT_VERSION = 5.0;
				TARGETED_DEVICE_FAMILY = "1,2";
			};
			name = Debug;
		};
		2F27378BDB62F513BE1A4583 /* Release */ = {
			isa = XCBuildConfiguration;
			buildSettings = {
				ASSETCATALOG_COMPILER_APPICON_NAME = AppIcon;
				ASSETCATALOG_COMPILER_GLOBAL_ACCENT_COLOR_NAME = AccentColor;
				CODE_SIGN_IDENTITY = "iPhone Developer";
				CURRENT_PROJECT_VERSION = 1;
				GENERATE_INFOPLIST_FILE = YES;
				INFOPLIST_KEY_CFBundleDisplayName = "Norse Mixology";
				INFOPLIST_KEY_UIApplicationSceneManifest_Generation = YES;
				INFOPLIST_KEY_UILaunchScreen_Generation = YES;
				INFOPLIST_KEY_UISupportedInterfaceOrientations = "UIInterfaceOrientationPortrait UIInterfaceOrientationLandscapeLeft UIInterfaceOrientationLandscapeRight";
				"INFOPLIST_KEY_UISupportedInterfaceOrientations~ipad" = "UIInterfaceOrientationPortrait UIInterfaceOrientationPortraitUpsideDown UIInterfaceOrientationLandscapeLeft UIInterfaceOrientationLandscapeRight";
				IPHONEOS_DEPLOYMENT_TARGET = 17.0;
				LD_RUNPATH_SEARCH_PATHS = (
					"$(inherited)",
					"@executable_path/Frameworks",
				);
				LOCALIZATION_PREFERS_STRING_CATALOGS = YES;
				MARKETING_VERSION = 1.0;
				PRODUCT_BUNDLE_IDENTIFIER = dev.martinloeseth.NorseMixology;
				SDKROOT = iphoneos;
				SUPPORTED_PLATFORMS = "iphoneos iphonesimulator";
				SUPPORTS_MACCATALYST = NO;
				SUPPORTS_MAC_DESIGNED_FOR_IPHONE_IPAD = YES;
				SUPPORTS_XR_DESIGNED_FOR_IPHONE_IPAD = YES;
				SWIFT_EMIT_LOC_STRINGS = YES;
				SWIFT_VERSION = 5.0;
				TARGETED_DEVICE_FAMILY = "1,2";
			};
			name = Release;
		};
		6E2B9D79FA62F4A5FDD7AB7F /* Release */ = {
			isa = XCBuildConfiguration;
			buildSettings = {
				ALWAYS_SEARCH_USER_PATHS = NO;
				CLANG_ANALYZER_NONNULL = YES;
				CLANG_ANALYZER_NUMBER_OBJECT_CONVERSION = YES_AGGRESSIVE;
				CLANG_CXX_LANGUAGE_STANDARD = "gnu++14";
				CLANG_CXX_LIBRARY = "libc++";
				CLANG_ENABLE_MODULES = YES;
				CLANG_ENABLE_OBJC_ARC = YES;
				CLANG_ENABLE_OBJC_WEAK = YES;
				CLANG_WARN_BLOCK_CAPTURE_AUTORELEASING = YES;
				CLANG_WARN_BOOL_CONVERSION = YES;
				CLANG_WARN_COMMA = YES;
				CLANG_WARN_CONSTANT_CONVERSION = YES;
				CLANG_WARN_DEPRECATED_OBJC_IMPLEMENTATIONS = YES;
				CLANG_WARN_DIRECT_OBJC_ISA_USAGE = YES_ERROR;
				CLANG_WARN_DOCUMENTATION_COMMENTS = YES;
				CLANG_WARN_EMPTY_BODY = YES;
				CLANG_WARN_ENUM_CONVERSION = YES;
				CLANG_WARN_INFINITE_RECURSION = YES;
				CLANG_WARN_INT_CONVERSION = YES;
				CLANG_WARN_NON_LITERAL_NULL_CONVERSION = YES;
				CLANG_WARN_OBJC_IMPLICIT_RETAIN_SELF = YES;
				CLANG_WARN_OBJC_LITERAL_CONVERSION = YES;
				CLANG_WARN_OBJC_ROOT_CLASS = YES_ERROR;
				CLANG_WARN_QUOTED_INCLUDE_IN_FRAMEWORK_HEADER = YES;
				CLANG_WARN_RANGE_LOOP_ANALYSIS = YES;
				CLANG_WARN_STRICT_PROTOTYPES = YES;
				CLANG_WARN_SUSPICIOUS_MOVE = YES;
				CLANG_WARN_UNGUARDED_AVAILABILITY = YES_AGGRESSIVE;
				CLANG_WARN_UNREACHABLE_CODE = YES;
				CLANG_WARN__DUPLICATE_METHOD_MATCH = YES;
				COPY_PHASE_STRIP = NO;
				DEBUG_INFORMATION_FORMAT = "dwarf-with-dsym";
				ENABLE_NS_ASSERTIONS = NO;
				ENABLE_STRICT_OBJC_MSGSEND = YES;
				GCC_C_LANGUAGE_STANDARD = gnu11;
				GCC_NO_COMMON_BLOCKS = YES;
				GCC_WARN_64_TO_32_BIT_CONVERSION = YES;
				GCC_WARN_ABOUT_RETURN_TYPE = YES_ERROR;
				GCC_WARN_UNDECLARED_SELECTOR = YES;
				GCC_WARN_UNINITIALIZED_AUTOS = YES_AGGRESSIVE;
				GCC_WARN_UNUSED_FUNCTION = YES;
				GCC_WARN_UNUSED_VARIABLE = YES;
				IPHONEOS_DEPLOYMENT_TARGET = 17.0;
				MTL_ENABLE_DEBUG_INFO = NO;
				MTL_FAST_MATH = YES;
				PRODUCT_NAME = "$(TARGET_NAME)";
				SDKROOT = iphoneos;
				SWIFT_COMPILATION_MODE = wholemodule;
				SWIFT_OPTIMIZATION_LEVEL = "-O";
				SWIFT_VERSION = 5.0;
			};
			name = Release;
		};
		D4FD90B9FAC52BE88D627587 /* Debug */ = {
			isa = XCBuildConfiguration;
			buildSettings = {
				ALWAYS_SEARCH_USER_PATHS = NO;
				CLANG_ANALYZER_NONNULL = YES;
				CLANG_ANALYZER_NUMBER_OBJECT_CONVERSION = YES_AGGRESSIVE;
				CLANG_CXX_LANGUAGE_STANDARD = "gnu++14";
				CLANG_CXX_LIBRARY = "libc++";
				CLANG_ENABLE_MODULES = YES;
				CLANG_ENABLE_OBJC_ARC = YES;
				CLANG_ENABLE_OBJC_WEAK = YES;
				CLANG_WARN_BLOCK_CAPTURE_AUTORELEASING = YES;
				CLANG_WARN_BOOL_CONVERSION = YES;
				CLANG_WARN_COMMA = YES;
				CLANG_WARN_CONSTANT_CONVERSION = YES;
				CLANG_WARN_DEPRECATED_OBJC_IMPLEMENTATIONS = YES;
				CLANG_WARN_DIRECT_OBJC_ISA_USAGE = YES_ERROR;
				CLANG_WARN_DOCUMENTATION_COMMENTS = YES;
				CLANG_WARN_EMPTY_BODY = YES;
				CLANG_WARN_ENUM_CONVERSION = YES;
				CLANG_WARN_INFINITE_RECURSION = YES;
				CLANG_WARN_INT_CONVERSION = YES;
				CLANG_WARN_NON_LITERAL_NULL_CONVERSION = YES;
				CLANG_WARN_OBJC_IMPLICIT_RETAIN_SELF = YES;
				CLANG_WARN_OBJC_LITERAL_CONVERSION = YES;
				CLANG_WARN_OBJC_ROOT_CLASS = YES_ERROR;
				CLANG_WARN_QUOTED_INCLUDE_IN_FRAMEWORK_HEADER = YES;
				CLANG_WARN_RANGE_LOOP_ANALYSIS = YES;
				CLANG_WARN_STRICT_PROTOTYPES = YES;
				CLANG_WARN_SUSPICIOUS_MOVE = YES;
				CLANG_WARN_UNGUARDED_AVAILABILITY = YES_AGGRESSIVE;
				CLANG_WARN_UNREACHABLE_CODE = YES;
				CLANG_WARN__DUPLICATE_METHOD_MATCH = YES;
				COPY_PHASE_STRIP = NO;
				DEBUG_INFORMATION_FORMAT = dwarf;
				ENABLE_STRICT_OBJC_MSGSEND = YES;
				ENABLE_TESTABILITY = YES;
				GCC_C_LANGUAGE_STANDARD = gnu11;
				GCC_DYNAMIC_NO_PIC = NO;
				GCC_NO_COMMON_BLOCKS = YES;
				GCC_OPTIMIZATION_LEVEL = 0;
				GCC_PREPROCESSOR_DEFINITIONS = (
					"$(inherited)",
					"DEBUG=1",
				);
				GCC_WARN_64_TO_32_BIT_CONVERSION = YES;
				GCC_WARN_ABOUT_RETURN_TYPE = YES_ERROR;
				GCC_WARN_UNDECLARED_SELECTOR = YES;
				GCC_WARN_UNINITIALIZED_AUTOS = YES_AGGRESSIVE;
				GCC_WARN_UNUSED_FUNCTION = YES;
				GCC_WARN_UNUSED_VARIABLE = YES;
				IPHONEOS_DEPLOYMENT_TARGET = 17.0;
				MTL_ENABLE_DEBUG_INFO = INCLUDE_SOURCE;
				MTL_FAST_MATH = YES;
				ONLY_ACTIVE_ARCH = YES;
				PRODUCT_NAME = "$(TARGET_NAME)";
				SDKROOT = iphoneos;
				SWIFT_ACTIVE_COMPILATION_CONDITIONS = DEBUG;
				SWIFT_OPTIMIZATION_LEVEL = "-Onone";
				SWIFT_VERSION = 5.0;
			};
			name = Debug;
		};
/* End XCBuildConfiguration section */

/* Begin XCConfigurationList section */
		1B4AF8265D3DAF08CF0C80FA /* Build configuration list for PBXNativeTarget "NorseMixology" */ = {
			isa = XCConfigurationList;
			buildConfigurations = (
				22F409B80F92BE7C9C591BA8 /* Debug */,
				2F27378BDB62F513BE1A4583 /* Release */,
			);
			defaultConfigurationIsVisible = 0;
			defaultConfigurationName = Debug;
		};
		97B6D7764F3A99C8F5378791 /* Build configuration list for PBXProject "NorseMixology" */ = {
			isa = XCConfigurationList;
			buildConfigurations = (
				D4FD90B9FAC52BE88D627587 /* Debug */,
				6E2B9D79FA62F4A5FDD7AB7F /* Release */,
			);
			defaultConfigurationIsVisible = 0;
			defaultConfigurationName = Debug;
		};
/* End XCConfigurationList section */

/* Begin XCLocalSwiftPackageReference section */
		F1433995F130B8E5C07FA6E9 /* XCLocalSwiftPackageReference "Packages/NorseMixologyCore" */ = {
			isa = XCLocalSwiftPackageReference;
			relativePath = Packages/NorseMixologyCore;
		};
/* End XCLocalSwiftPackageReference section */

/* Begin XCSwiftPackageProductDependency section */
		76DB75D275C8F897141A9B75 /* NorseMixologyCore */ = {
			isa = XCSwiftPackageProductDependency;
			productName = NorseMixologyCore;
		};
/* End XCSwiftPackageProductDependency section */
	};
	rootObject = 0846088F4B7BFE36D1833292 /* Project object */;
}
